<?xml version="1.0" encoding="utf-8"?>
<Project ToolsVersion="4.0" xmlns="http://schemas.microsoft.com/developer/msbuild/2003">
  <ItemGroup>
    <Filter Include="Source Files">
      <UniqueIdentifier>{4FC737F1-C7A5-4376-A066-2A32D752A2FF}</UniqueIdentifier>
      <Extensions>cpp;c;cc;cxx;def;odl;idl;hpj;bat;asm;asmx</Extensions>
    </Filter>
    <Filter Include="Header Files">
      <UniqueIdentifier>{93995380-89BD-4b04-88EB-625FBE52EBFB}</UniqueIdentifier>
      <Extensions>h;hh;hpp;hxx;hm;inl;inc;xsd</Extensions>
    </Filter>
    <Filter Include="Resource Files">
      <UniqueIdentifier>{67DA6AB6-F800-4c08-8B7A-83BB121AAD01}</UniqueIdentifier>
      <Extensions>rc;ico;cur;bmp;dlg;rc2;rct;bin;rgs;gif;jpg;jpeg;jpe;resx;tiff;tif;png;wav;mfcribbon-ms</Extensions>
    </Filter>
    <Filter Include="Header Files\essentials">
      <UniqueIdentifier>{9d2d7a3f-d093-4e97-a398-aa6f57a6aeb2}</UniqueIdentifier>
    </Filter>
    <Filter Include="Header Files\essentials\compatibility">
      <UniqueIdentifier>{69fcbc5e-2c5a-4e09-942e-ff1fcb7117e3}</UniqueIdentifier>
    </Filter>
    <Filter Include="Source Files\essentials">
      <UniqueIdentifier>{09c52a5c-fb42-4d00-9b43-e778d04d5858}</UniqueIdentifier>
    </Filter>
    <Filter Include="licenses">
      <UniqueIdentifier>{d2e47838-b932-42ce-a439-fff0ae19104b}</UniqueIdentifier>
    </Filter>
    <Filter Include="licenses\essentials">
      <UniqueIdentifier>{88029a12-77bf-4319-b66b-7b2ea7146c53}</UniqueIdentifier>
    </Filter>
    <Filter Include="licenses\hermes">
      <UniqueIdentifier>{31402a15-9737-4135-87ad-db03f0f6d7a2}</UniqueIdentifier>
    </Filter>
  </ItemGroup>
  <ItemGroup>
    <ClCompile Include="source\color_mapping.cpp">
      <Filter>Source Files</Filter>
    </ClCompile>
    <ClCompile Include="source\cout_logger.cpp">
      <Filter>Source Files</Filter>
    </ClCompile>
    <ClCompile Include="source\file_logger.cpp">
      <Filter>Source Files</Filter>
    </ClCompile>
    <ClCompile Include="source\file_system.cpp">
      <Filter>Source Files</Filter>
    </ClCompile>
    <ClCompile Include="source\globals.cpp">
      <Filter>Source Files</Filter>
    </ClCompile>
    <ClCompile Include="source\log_and_throw_helper.cpp">
      <Filter>Source Files</Filter>
    </ClCompile>
    <ClCompile Include="source\log_helper.cpp">
      <Filter>Source Files</Filter>
    </ClCompile>
    <ClCompile Include="source\log_level.cpp">
      <Filter>Source Files</Filter>
    </ClCompile>
    <ClCompile Include="source\log_message.cpp">
      <Filter>Source Files</Filter>
    </ClCompile>
    <ClCompile Include="source\std_timestamp_policy.cpp">
      <Filter>Source Files</Filter>
    </ClCompile>
    <ClCompile Include="source\waiter.cpp">
      <Filter>Source Files</Filter>
    </ClCompile>
    <ClCompile Include="..\externals\essentials\source\conversion.cpp">
      <Filter>Source Files\essentials</Filter>
    </ClCompile>
    <ClCompile Include="..\externals\essentials\source\essentials_version.cpp">
      <Filter>Source Files\essentials</Filter>
    </ClCompile>
    <ClCompile Include="..\externals\essentials\source\format_settings.cpp">
      <Filter>Source Files\essentials</Filter>
    </ClCompile>
    <ClCompile Include="..\externals\essentials\source\sxprintf.cpp">
      <Filter>Source Files\essentials</Filter>
    </ClCompile>
    <ClCompile Include="source\hermes_version.cpp">
      <Filter>Source Files</Filter>
    </ClCompile>
  </ItemGroup>
  <ItemGroup>
    <Text Include="..\changelog.txt" />
  </ItemGroup>
  <ItemGroup>
    <ClInclude Include="include\hermes\build_number.hpp">
      <Filter>Header Files</Filter>
    </ClInclude>
    <ClInclude Include="include\hermes\color.hpp">
      <Filter>Header Files</Filter>
    </ClInclude>
    <ClInclude Include="include\hermes\color_mapping.hpp">
      <Filter>Header Files</Filter>
    </ClInclude>
    <ClInclude Include="include\hermes\cout_logger.hpp">
      <Filter>Header Files</Filter>
    </ClInclude>
    <ClInclude Include="include\hermes\file_logger.hpp">
      <Filter>Header Files</Filter>
    </ClInclude>
    <ClInclude Include="include\hermes\file_system.hpp">
      <Filter>Header Files</Filter>
    </ClInclude>
    <ClInclude Include="include\hermes\globals.hpp">
      <Filter>Header Files</Filter>
    </ClInclude>
    <ClInclude Include="include\hermes\log.hpp">
      <Filter>Header Files</Filter>
    </ClInclude>
    <ClInclude Include="include\hermes\log_and_throw.hpp">
      <Filter>Header Files</Filter>
    </ClInclude>
    <ClInclude Include="include\hermes\log_and_throw_helper.hpp">
      <Filter>Header Files</Filter>
    </ClInclude>
    <ClInclude Include="include\hermes\log_callback.hpp">
      <Filter>Header Files</Filter>
    </ClInclude>
    <ClInclude Include="include\hermes\log_helper.hpp">
      <Filter>Header Files</Filter>
    </ClInclude>
    <ClInclude Include="include\hermes\log_level.hpp">
      <Filter>Header Files</Filter>
    </ClInclude>
    <ClInclude Include="include\hermes\log_manager_template.hpp">
      <Filter>Header Files</Filter>
    </ClInclude>
    <ClInclude Include="include\hermes\log_message.hpp">
      <Filter>Header Files</Filter>
    </ClInclude>
    <ClInclude Include="include\hermes\logger.hpp">
      <Filter>Header Files</Filter>
    </ClInclude>
    <ClInclude Include="include\hermes\logger_fwd.hpp">
      <Filter>Header Files</Filter>
    </ClInclude>
    <ClInclude Include="include\hermes\std_timestamp_policy.hpp">
      <Filter>Header Files</Filter>
    </ClInclude>
    <ClInclude Include="include\hermes\waiter.hpp">
      <Filter>Header Files</Filter>
    </ClInclude>
    <ClInclude Include="..\externals\essentials\include\essentials\compatibility\chrono.hpp">
      <Filter>Header Files\essentials\compatibility</Filter>
    </ClInclude>
    <ClInclude Include="..\externals\essentials\include\essentials\compatibility\compatibility.hpp">
      <Filter>Header Files\essentials\compatibility</Filter>
    </ClInclude>
    <ClInclude Include="..\externals\essentials\include\essentials\compatibility\thread.hpp">
      <Filter>Header Files\essentials\compatibility</Filter>
    </ClInclude>
    <ClInclude Include="..\externals\essentials\include\essentials\base.hpp">
      <Filter>Header Files\essentials</Filter>
    </ClInclude>
    <ClInclude Include="..\externals\essentials\include\essentials\build_number.hpp">
      <Filter>Header Files\essentials</Filter>
    </ClInclude>
    <ClInclude Include="..\externals\essentials\include\essentials\conversion.hpp">
      <Filter>Header Files\essentials</Filter>
    </ClInclude>
    <ClInclude Include="..\externals\essentials\include\essentials\essentials_version.hpp">
      <Filter>Header Files\essentials</Filter>
    </ClInclude>
    <ClInclude Include="..\externals\essentials\include\essentials\exception.hpp">
      <Filter>Header Files\essentials</Filter>
    </ClInclude>
    <ClInclude Include="..\externals\essentials\include\essentials\exception_template.hpp">
      <Filter>Header Files\essentials</Filter>
    </ClInclude>
    <ClInclude Include="..\externals\essentials\include\essentials\format_settings.hpp">
      <Filter>Header Files\essentials</Filter>
    </ClInclude>
    <ClInclude Include="..\externals\essentials\include\essentials\macro_helpers.hpp">
      <Filter>Header Files\essentials</Filter>
    </ClInclude>
    <ClInclude Include="..\externals\essentials\include\essentials\non_copyable.hpp">
      <Filter>Header Files\essentials</Filter>
    </ClInclude>
    <ClInclude Include="..\externals\essentials\include\essentials\sxprintf.hpp">
      <Filter>Header Files\essentials</Filter>
    </ClInclude>
    <ClInclude Include="include\hermes\hermes_version.hpp">
      <Filter>Header Files</Filter>
    </ClInclude>
  </ItemGroup>
  <ItemGroup>
    <None Include="..\externals\essentials\license\essentials_Anhang_Appendix_20170406.pdf">
      <Filter>licenses\essentials</Filter>
    </None>
    <None Include="..\externals\essentials\license\essentials_Lizenz_und_Nutzungsbedingungen_geschaeftliche_Nutzung_Fassung_20170406.pdf">
      <Filter>licenses\essentials</Filter>
    </None>
    <None Include="..\externals\essentials\license\essentials_Lizenz_und_Nutzungsbedingungen_geschaeftliche_Nutzung_Fassung_20170406_en.pdf">
      <Filter>licenses\essentials</Filter>
    </None>
    <None Include="..\externals\essentials\license\essentials_Lizenz_und_Nutzungsbedingungen_private_und wissenschaftliche_Nutzung_Fassung_20170406.pdf">
      <Filter>licenses\essentials</Filter>
    </None>
    <None Include="..\externals\essentials\license\essentials_Lizenz_und_Nutzungsbedingungen_private_und wissenschaftliche_Nutzung_Fassung_20170406_en.pdf">
      <Filter>licenses\essentials</Filter>
    </None>
    <None Include="..\..\license\hermes_Anhang_Appendix_20170406.pdf">
      <Filter>licenses\hermes</Filter>
    </None>
    <None Include="..\..\license\hermes_Lizenz_und_Nutzungsbedingungen_geschaeftliche_Nutzung_Fassung_20170406.pdf">
      <Filter>licenses\hermes</Filter>
    </None>
    <None Include="..\..\license\hermes_Lizenz_und_Nutzungsbedingungen_geschaeftliche_Nutzung_Fassung_20170406_en.pdf">
      <Filter>licenses\hermes</Filter>
    </None>
    <None Include="..\..\license\hermes_Lizenz_und_Nutzungsbedingungen_private_und wissenschaftliche_Nutzung_Fassung_20170406.pdf">
      <Filter>licenses\hermes</Filter>
    </None>
    <None Include="..\..\license\hermes_Lizenz_und_Nutzungsbedingungen_private_und wissenschaftliche_Nutzung_Fassung_20170406_en.pdf">
      <Filter>licenses\hermes</Filter>
    </None>
  </ItemGroup>
</Project>